
Microsoft Visual Studio Solution File, Format Version 12.00
# Visual Studio Version 17
VisualStudioVersion = 17.1.32328.378
MinimumVisualStudioVersion = 10.0.40219.1
Project("{FAE04EC0-301F-11D3-BF4B-00C04F79EFBC}") = "ArtCafe2", "ArtCafe2\ArtCafe2.csproj", "{BF4B5479-301E-4B91-AB51-87699A61B49C}"
EndProject
Global
	GlobalSection(SolutionConfigurationPlatforms) = preSolution
		Debug|Any CPU = Debug|Any CPU
		Release|Any CPU = Release|Any CPU
	EndGlobalSection
	GlobalSection(ProjectConfigurationPlatforms) = postSolution
		{BF4B5479-301E-4B91-AB51-87699A61B49C}.Debug|Any CPU.ActiveCfg = Debug|Any CPU
		{BF4B5479-301E-4B91-AB51-87699A61B49C}.Debug|Any CPU.Build.0 = Debug|Any CPU
		{BF4B5479-301E-4B91-AB51-87699A61B49C}.Release|Any CPU.ActiveCfg = Release|Any CPU
		{BF4B5479-301E-4B91-AB51-87699A61B49C}.Release|Any CPU.Build.0 = Release|Any CPU
	EndGlobalSection
	GlobalSection(SolutionProperties) = preSolution
		HideSolutionNode = FALSE
	EndGlobalSection
	GlobalSection(ExtensibilityGlobals) = postSolution
		SolutionGuid = {2B8DA4FF-295B-4F91-9671-AB3490C4BE09}
	EndGlobalSection
EndGlobal
